
Microsoft Visual Studio Solution File, Format Version 12.00
# Visual Studio Version 17
VisualStudioVersion = 17.12.35707.178 d17.12
MinimumVisualStudioVersion = 10.0.40219.1
Project("{FAE04EC0-301F-11D3-BF4B-00C04F79EFBC}") = "weather-app", "weather-app.csproj", "{7043A351-787D-4380-928E-283AC6DCECFA}"
EndProject
Global
	GlobalSection(SolutionConfigurationPlatforms) = preSolution
		Debug|Any CPU = Debug|Any CPU
		Release|Any CPU = Release|Any CPU
	EndGlobalSection
	GlobalSection(ProjectConfigurationPlatforms) = postSolution
		{7043A351-787D-4380-928E-283AC6DCECFA}.Debug|Any CPU.ActiveCfg = Debug|Any CPU
		{7043A351-787D-4380-928E-283AC6DCECFA}.Debug|Any CPU.Build.0 = Debug|Any CPU
		{7043A351-787D-4380-928E-283AC6DCECFA}.Release|Any CPU.ActiveCfg = Release|Any CPU
		{7043A351-787D-4380-928E-283AC6DCECFA}.Release|Any CPU.Build.0 = Release|Any CPU
	EndGlobalSection
	GlobalSection(SolutionProperties) = preSolution
		HideSolutionNode = FALSE
	EndGlobalSection
EndGlobal
